
Microsoft Visual Studio Solution File, Format Version 12.00
# Visual Studio Version 16
VisualStudioVersion = 16.0.30011.22
MinimumVisualStudioVersion = 10.0.40219.1
Project("{FAE04EC0-301F-11D3-BF4B-00C04F79EFBC}") = "BST", "BST\BST.csproj", "{BA7E921E-DA0A-4F06-985C-7383B6F00BA1}"
EndProject
Project("{FAE04EC0-301F-11D3-BF4B-00C04F79EFBC}") = "Test", "Test\Test.csproj", "{477A6DB6-FE83-4262-8A49-C9651DC192ED}"
EndProject
Global
	GlobalSection(SolutionConfigurationPlatforms) = preSolution
		Debug|Any CPU = Debug|Any CPU
		Release|Any CPU = Release|Any CPU
	EndGlobalSection
	GlobalSection(ProjectConfigurationPlatforms) = postSolution
		{BA7E921E-DA0A-4F06-985C-7383B6F00BA1}.Debug|Any CPU.ActiveCfg = Debug|Any CPU
		{BA7E921E-DA0A-4F06-985C-7383B6F00BA1}.Debug|Any CPU.Build.0 = Debug|Any CPU
		{BA7E921E-DA0A-4F06-985C-7383B6F00BA1}.Release|Any CPU.ActiveCfg = Release|Any CPU
		{BA7E921E-DA0A-4F06-985C-7383B6F00BA1}.Release|Any CPU.Build.0 = Release|Any CPU
		{477A6DB6-FE83-4262-8A49-C9651DC192ED}.Debug|Any CPU.ActiveCfg = Debug|Any CPU
		{477A6DB6-FE83-4262-8A49-C9651DC192ED}.Debug|Any CPU.Build.0 = Debug|Any CPU
		{477A6DB6-FE83-4262-8A49-C9651DC192ED}.Release|Any CPU.ActiveCfg = Release|Any CPU
		{477A6DB6-FE83-4262-8A49-C9651DC192ED}.Release|Any CPU.Build.0 = Release|Any CPU
	EndGlobalSection
	GlobalSection(SolutionProperties) = preSolution
		HideSolutionNode = FALSE
	EndGlobalSection
	GlobalSection(ExtensibilityGlobals) = postSolution
		SolutionGuid = {921E5FFE-503B-4D29-B549-0B8AC5782FE5}
	EndGlobalSection
EndGlobal
